{
  "name": "self-protos",
  "version": "1.0.3",
  "lockfileVersion": 1,
  "requires": true,
  "dependencies": {
    "@types/google-protobuf": {
      "version": "3.7.2",
      "resolved": "https://registry.npmjs.org/@types/google-protobuf/-/google-protobuf-3.7.2.tgz",
      "integrity": "sha512-ifFemzjNchFBCtHS6bZNhSZCBu7tbtOe0e8qY0z2J4HtFXmPJjm6fXSaQsTG7yhShBEZtt2oP/bkwu5k+emlkQ=="
    },
    "google-protobuf": {
      "version": "3.15.6",
      "resolved": "https://registry.npmjs.org/google-protobuf/-/google-protobuf-3.15.6.tgz",
      "integrity": "sha512-p65NyhIZFHFUxbIPOm6cygg2rCjK+2uDCxruOG3RaWKM9R4rBGX0STmlJoSOhoyAG8Fha7U8FP4pQomAV1JXsA=="
    },
    "protoc-gen-ts": {
      "version": "0.3.4",
      "resolved": "https://registry.npmjs.org/protoc-gen-ts/-/protoc-gen-ts-0.3.4.tgz",
      "integrity": "sha512-j2oawQXhg+xAK/FbMVHYDyyvjCpX3VdgWXIDQm/3UzzNPXGzpwCMU9r4jexr0fWccuahFPnaqQGOhY0FuOwV2g=="
    }
  }
}
