{
  "name": "self-protos",
  "version": "1.0.1",
  "lockfileVersion": 2,
  "requires": true,
  "packages": {
    "": {
      "name": "self-protos",
      "version": "1.0.1",
      "license": "MIT",
      "dependencies": {
        "@types/google-protobuf": "^3.2.7",
        "google-protobuf": "^3.8.0-rc.1",
        "protoc-gen-ts": "*"
      }
    },
    "node_modules/@types/google-protobuf": {
      "version": "3.7.2",
      "resolved": "https://registry.npmjs.org/@types/google-protobuf/-/google-protobuf-3.7.2.tgz",
      "integrity": "sha512-ifFemzjNchFBCtHS6bZNhSZCBu7tbtOe0e8qY0z2J4HtFXmPJjm6fXSaQsTG7yhShBEZtt2oP/bkwu5k+emlkQ=="
    },
    "node_modules/google-protobuf": {
      "version": "3.15.6",
      "resolved": "https://registry.npmjs.org/google-protobuf/-/google-protobuf-3.15.6.tgz",
      "integrity": "sha512-p65NyhIZFHFUxbIPOm6cygg2rCjK+2uDCxruOG3RaWKM9R4rBGX0STmlJoSOhoyAG8Fha7U8FP4pQomAV1JXsA=="
    },
    "node_modules/protoc-gen-ts": {
      "version": "0.3.4",
      "resolved": "https://registry.npmjs.org/protoc-gen-ts/-/protoc-gen-ts-0.3.4.tgz",
      "integrity": "sha512-j2oawQXhg+xAK/FbMVHYDyyvjCpX3VdgWXIDQm/3UzzNPXGzpwCMU9r4jexr0fWccuahFPnaqQGOhY0FuOwV2g==",
      "bin": {
        "protoc-gen-ts": "bin/protoc-gen-ts"
      },
      "peerDependencies": {
        "google-protobuf": "^3.13.0",
        "typescript": "^4.0.2"
      }
    },
    "node_modules/typescript": {
      "version": "4.2.3",
      "resolved": "https://registry.npmjs.org/typescript/-/typescript-4.2.3.tgz",
      "integrity": "sha512-qOcYwxaByStAWrBf4x0fibwZvMRG+r4cQoTjbPtUlrWjBHbmCAww1i448U0GJ+3cNNEtebDteo/cHOR3xJ4wEw==",
      "peer": true,
      "bin": {
        "tsc": "bin/tsc",
        "tsserver": "bin/tsserver"
      },
      "engines": {
        "node": ">=4.2.0"
      }
    }
  },
  "dependencies": {
    "@types/google-protobuf": {
      "version": "3.7.2",
      "resolved": "https://registry.npmjs.org/@types/google-protobuf/-/google-protobuf-3.7.2.tgz",
      "integrity": "sha512-ifFemzjNchFBCtHS6bZNhSZCBu7tbtOe0e8qY0z2J4HtFXmPJjm6fXSaQsTG7yhShBEZtt2oP/bkwu5k+emlkQ=="
    },
    "google-protobuf": {
      "version": "3.15.6",
      "resolved": "https://registry.npmjs.org/google-protobuf/-/google-protobuf-3.15.6.tgz",
      "integrity": "sha512-p65NyhIZFHFUxbIPOm6cygg2rCjK+2uDCxruOG3RaWKM9R4rBGX0STmlJoSOhoyAG8Fha7U8FP4pQomAV1JXsA=="
    },
    "protoc-gen-ts": {
      "version": "0.3.4",
      "resolved": "https://registry.npmjs.org/protoc-gen-ts/-/protoc-gen-ts-0.3.4.tgz",
      "integrity": "sha512-j2oawQXhg+xAK/FbMVHYDyyvjCpX3VdgWXIDQm/3UzzNPXGzpwCMU9r4jexr0fWccuahFPnaqQGOhY0FuOwV2g==",
      "requires": {}
    },
    "typescript": {
      "version": "4.2.3",
      "resolved": "https://registry.npmjs.org/typescript/-/typescript-4.2.3.tgz",
      "integrity": "sha512-qOcYwxaByStAWrBf4x0fibwZvMRG+r4cQoTjbPtUlrWjBHbmCAww1i448U0GJ+3cNNEtebDteo/cHOR3xJ4wEw==",
      "peer": true
    }
  }
}
